
Microsoft Visual Studio Solution File, Format Version 12.00
# Visual Studio Version 16
VisualStudioVersion = 16.0.30413.136
MinimumVisualStudioVersion = 15.0.26124.0
Project("{9A19103F-16F7-4668-BE54-9A1E7A4F7556}") = "dotnet-heroku-sample", "src\webapi\dotnet-heroku-sample.csproj", "{362D5B34-9443-455F-8C05-D9E768CFD87D}"
EndProject
Global
	GlobalSection(SolutionConfigurationPlatforms) = preSolution
		Debug|Any CPU = Debug|Any CPU
		Release|Any CPU = Release|Any CPU
	EndGlobalSection
	GlobalSection(ProjectConfigurationPlatforms) = postSolution
		{362D5B34-9443-455F-8C05-D9E768CFD87D}.Debug|Any CPU.ActiveCfg = Debug|Any CPU
		{362D5B34-9443-455F-8C05-D9E768CFD87D}.Debug|Any CPU.Build.0 = Debug|Any CPU
		{362D5B34-9443-455F-8C05-D9E768CFD87D}.Release|Any CPU.ActiveCfg = Release|Any CPU
		{362D5B34-9443-455F-8C05-D9E768CFD87D}.Release|Any CPU.Build.0 = Release|Any CPU
	EndGlobalSection
	GlobalSection(SolutionProperties) = preSolution
		HideSolutionNode = FALSE
	EndGlobalSection
	GlobalSection(ExtensibilityGlobals) = postSolution
		SolutionGuid = {92A4A6F3-C3B4-4EF6-B18A-28A28E362A9F}
	EndGlobalSection
EndGlobal
